<?xml version="1.0" encoding="utf-8"?>
<Project ToolsVersion="4.0" xmlns="http://schemas.microsoft.com/developer/msbuild/2003">
  <ItemGroup>
    <Filter Include="Test">
      <UniqueIdentifier>{5cfaf38f-3418-4c15-a833-c3ffef71e1f5}</UniqueIdentifier>
    </Filter>
    <Filter Include="Src">
      <UniqueIdentifier>{f833d806-4c1b-40b5-8b5a-66275257550e}</UniqueIdentifier>
    </Filter>
    <Filter Include="Src\Console">
      <UniqueIdentifier>{1528ccdd-4480-443c-8d34-0568e4416673}</UniqueIdentifier>
    </Filter>
    <Filter Include="Src\Graphics">
      <UniqueIdentifier>{14f3e07e-2323-4027-942c-35ad7a4fcce6}</UniqueIdentifier>
    </Filter>
  </ItemGroup>
  <ItemGroup>
    <ClCompile Include="..\test\test.cpp">
      <Filter>Test</Filter>
    </ClCompile>
    <ClCompile Include="..\src\Console_Windows.cpp">
      <Filter>Src\Console</Filter>
    </ClCompile>
    <ClCompile Include="..\src\Settings.cpp">
      <Filter>Src</Filter>
    </ClCompile>
    <ClCompile Include="..\src\Rectangle.cpp">
      <Filter>Src\Graphics</Filter>
    </ClCompile>
    <ClCompile Include="..\src\Scene.cpp">
      <Filter>Src</Filter>
    </ClCompile>
  </ItemGroup>
  <ItemGroup>
    <ClInclude Include="..\src\Scene.h">
      <Filter>Src</Filter>
    </ClInclude>
    <ClInclude Include="..\src\CGE.h">
      <Filter>Src</Filter>
    </ClInclude>
    <ClInclude Include="..\src\Settings.h">
      <Filter>Src</Filter>
    </ClInclude>
    <ClInclude Include="..\src\Console.h">
      <Filter>Src\Console</Filter>
    </ClInclude>
    <ClInclude Include="..\src\Graphic.h">
      <Filter>Src\Graphics</Filter>
    </ClInclude>
    <ClInclude Include="..\src\DisplayBuffer.h">
      <Filter>Src</Filter>
    </ClInclude>
    <ClInclude Include="..\src\Graphics.h">
      <Filter>Src</Filter>
    </ClInclude>
    <ClInclude Include="..\src\Rectangle.h">
      <Filter>Src\Graphics</Filter>
    </ClInclude>
    <ClInclude Include="..\src\Color.h">
      <Filter>Src</Filter>
    </ClInclude>
    <ClInclude Include="..\src\Exceptions.h">
      <Filter>Src</Filter>
    </ClInclude>
  </ItemGroup>
</Project>